// !$*UTF8*$!
{
	archiveVersion = 1;
	classes = {
	};
	objectVersion = 50;
	objects = {

/* Begin PBXBuildFile section */
		34C820A523D62BED00AA19C0 /* AppDelegate.swift in Sources */ = {isa = PBXBuildFile; fileRef = 34C820A423D62BED00AA19C0 /* AppDelegate.swift */; };
		34C820A723D62BED00AA19C0 /* SceneDelegate.swift in Sources */ = {isa = PBXBuildFile; fileRef = 34C820A623D62BED00AA19C0 /* SceneDelegate.swift */; };
		34C820A923D62BED00AA19C0 /* ViewController.swift in Sources */ = {isa = PBXBuildFile; fileRef = 34C820A823D62BED00AA19C0 /* ViewController.swift */; };
		34C820AC23D62BED00AA19C0 /* Main.storyboard in Resources */ = {isa = PBXBuildFile; fileRef = 34C820AA23D62BED00AA19C0 /* Main.storyboard */; };
		34C820AE23D62BEF00AA19C0 /* Assets.xcassets in Resources */ = {isa = PBXBuildFile; fileRef = 34C820AD23D62BEF00AA19C0 /* Assets.xcassets */; };
		34C820B123D62BEF00AA19C0 /* LaunchScreen.storyboard in Resources */ = {isa = PBXBuildFile; fileRef = 34C820AF23D62BEF00AA19C0 /* LaunchScreen.storyboard */; };
/* End PBXBuildFile section */

/* Begin PBXFileReference section */
		34C820A123D62BED00AA19C0 /* Two-Button Challenge.app */ = {isa = PBXFileReference; explicitFileType = wrapper.application; includeInIndex = 0; path = "Two-Button Challenge.app"; sourceTree = BUILT_PRODUCTS_DIR; };
		34C820A423D62BED00AA19C0 /* AppDelegate.swift */ = {isa = PBXFileReference; lastKnownFileType = sourcecode.swift; path = AppDelegate.swift; sourceTree = "<group>"; };
		34C820A623D62BED00AA19C0 /* SceneDelegate.swift */ = {isa = PBXFileReference; lastKnownFileType = sourcecode.swift; path = SceneDelegate.swift; sourceTree = "<group>"; };
		34C820A823D62BED00AA19C0 /* ViewController.swift */ = {isa = PBXFileReference; lastKnownFileType = sourcecode.swift; path = ViewController.swift; sourceTree = "<group>"; };
		34C820AB23D62BED00AA19C0 /* Base */ = {isa = PBXFileReference; lastKnownFileType = file.storyboard; name = Base; path = Base.lproj/Main.storyboard; sourceTree = "<group>"; };
		34C820AD23D62BEF00AA19C0 /* Assets.xcassets */ = {isa = PBXFileReference; lastKnownFileType = folder.assetcatalog; path = Assets.xcassets; sourceTree = "<group>"; };
		34C820B023D62BEF00AA19C0 /* Base */ = {isa = PBXFileReference; lastKnownFileType = file.storyboard; name = Base; path = Base.lproj/LaunchScreen.storyboard; sourceTree = "<group>"; };
		34C820B223D62BEF00AA19C0 /* Info.plist */ = {isa = PBXFileReference; lastKnownFileType = text.plist.xml; path = Info.plist; sourceTree = "<group>"; };
/* End PBXFileReference section */

/* Begin PBXFrameworksBuildPhase section */
		34C8209E23D62BED00AA19C0 /* Frameworks */ = {
			isa = PBXFrameworksBuildPhase;
			buildActionMask = 2147483647;
			files = (
			);
			runOnlyForDeploymentPostprocessing = 0;
		};
/* End PBXFrameworksBuildPhase section */

/* Begin PBXGroup section */
		34C8209823D62BED00AA19C0 = {
			isa = PBXGroup;
			children = (
				34C820A323D62BED00AA19C0 /* Two-Button Challenge */,
				34C820A223D62BED00AA19C0 /* Products */,
			);
			sourceTree = "<group>";
		};
		34C820A223D62BED00AA19C0 /* Products */ = {
			isa = PBXGroup;
			children = (
				34C820A123D62BED00AA19C0 /* Two-Button Challenge.app */,
			);
			name = Products;
			sourceTree = "<group>";
		};
		34C820A323D62BED00AA19C0 /* Two-Button Challenge */ = {
			isa = PBXGroup;
			children = (
				34C820A423D62BED00AA19C0 /* AppDelegate.swift */,
				34C820A623D62BED00AA19C0 /* SceneDelegate.swift */,
				34C820A823D62BED00AA19C0 /* ViewController.swift */,
				34C820AA23D62BED00AA19C0 /* Main.storyboard */,
				34C820AD23D62BEF00AA19C0 /* Assets.xcassets */,
				34C820AF23D62BEF00AA19C0 /* LaunchScreen.storyboard */,
				34C820B223D62BEF00AA19C0 /* Info.plist */,
			);
			path = "Two-Button Challenge";
			sourceTree = "<group>";
		};
/* End PBXGroup section */

/* Begin PBXNativeTarget section */
		34C820A023D62BED00AA19C0 /* Two-Button Challenge */ = {
			isa = PBXNativeTarget;
			buildConfigurationList = 34C820B523D62BEF00AA19C0 /* Build configuration list for PBXNativeTarget "Two-Button Challenge" */;
			buildPhases = (
				34C8209D23D62BED00AA19C0 /* Sources */,
				34C8209E23D62BED00AA19C0 /* Frameworks */,
				34C8209F23D62BED00AA19C0 /* Resources */,
			);
			buildRules = (
			);
			dependencies = (
			);
			name = "Two-Button Challenge";
			productName = "Two-Button Challenge";
			productReference = 34C820A123D62BED00AA19C0 /* Two-Button Challenge.app */;
			productType = "com.apple.product-type.application";
		};
/* End PBXNativeTarget section */

/* Begin PBXProject section */
		34C8209923D62BED00AA19C0 /* Project object */ = {
			isa = PBXProject;
			attributes = {
				LastSwiftUpdateCheck = 1130;
				LastUpgradeCheck = 1130;
				ORGANIZATIONNAME = "Ronan Manvelian";
				TargetAttributes = {
					34C820A023D62BED00AA19C0 = {
						CreatedOnToolsVersion = 11.3;
					};
				};
			};
			buildConfigurationList = 34C8209C23D62BED00AA19C0 /* Build configuration list for PBXProject "Two-Button Challenge" */;
			compatibilityVersion = "Xcode 9.3";
			developmentRegion = en;
			hasScannedForEncodings = 0;
			knownRegions = (
				en,
				Base,
			);
			mainGroup = 34C8209823D62BED00AA19C0;
			productRefGroup = 34C820A223D62BED00AA19C0 /* Products */;
			projectDirPath = "";
			projectRoot = "";
			targets = (
				34C820A023D62BED00AA19C0 /* Two-Button Challenge */,
			);
		};
/* End PBXProject section */

/* Begin PBXResourcesBuildPhase section */
		34C8209F23D62BED00AA19C0 /* Resources */ = {
			isa = PBXResourcesBuildPhase;
			buildActionMask = 2147483647;
			files = (
				34C820B123D62BEF00AA19C0 /* LaunchScreen.storyboard in Resources */,
				34C820AE23D62BEF00AA19C0 /* Assets.xcassets in Resources */,
				34C820AC23D62BED00AA19C0 /* Main.storyboard in Resources */,
			);
			runOnlyForDeploymentPostprocessing = 0;
		};
/* End PBXResourcesBuildPhase section */

/* Begin PBXSourcesBuildPhase section */
		34C8209D23D62BED00AA19C0 /* Sources */ = {
			isa = PBXSourcesBuildPhase;
			buildActionMask = 2147483647;
			files = (
				34C820A923D62BED00AA19C0 /* ViewController.swift in Sources */,
				34C820A523D62BED00AA19C0 /* AppDelegate.swift in Sources */,
				34C820A723D62BED00AA19C0 /* SceneDelegate.swift in Sources */,
			);
			runOnlyForDeploymentPostprocessing = 0;
		};
/* End PBXSourcesBuildPhase section */

/* Begin PBXVariantGroup section */
		34C820AA23D62BED00AA19C0 /* Main.storyboard */ = {
			isa = PBXVariantGroup;
			children = (
				34C820AB23D62BED00AA19C0 /* Base */,
			);
			name = Main.storyboard;
			sourceTree = "<group>";
		};
		34C820AF23D62BEF00AA19C0 /* LaunchScreen.storyboard */ = {
			isa = PBXVariantGroup;
			children = (
				34C820B023D62BEF00AA19C0 /* Base */,
			);
			name = LaunchScreen.storyboard;
			sourceTree = "<group>";
		};
/* End PBXVariantGroup section */

/* Begin XCBuildConfiguration section */
		34C820B323D62BEF00AA19C0 /* Debug */ = {
			isa = XCBuildConfiguration;
			buildSettings = {
				ALWAYS_SEARCH_USER_PATHS = NO;
				CLANG_ANALYZER_NONNULL = YES;
				CLANG_ANALYZER_NUMBER_OBJECT_CONVERSION = YES_AGGRESSIVE;
				CLANG_CXX_LANGUAGE_STANDARD = "gnu++14";
				CLANG_CXX_LIBRARY = "libc++";
				CLANG_ENABLE_MODULES = YES;
				CLANG_ENABLE_OBJC_ARC = YES;
				CLANG_ENABLE_OBJC_WEAK = YES;
				CLANG_WARN_BLOCK_CAPTURE_AUTORELEASING = YES;
				CLANG_WARN_BOOL_CONVERSION = YES;
				CLANG_WARN_COMMA = YES;
				CLANG_WARN_CONSTANT_CONVERSION = YES;
				CLANG_WARN_DEPRECATED_OBJC_IMPLEMENTATIONS = YES;
				CLANG_WARN_DIRECT_OBJC_ISA_USAGE = YES_ERROR;
				CLANG_WARN_DOCUMENTATION_COMMENTS = YES;
				CLANG_WARN_EMPTY_BODY = YES;
				CLANG_WARN_ENUM_CONVERSION = YES;
				CLANG_WARN_INFINITE_RECURSION = YES;
				CLANG_WARN_INT_CONVERSION = YES;
				CLANG_WARN_NON_LITERAL_NULL_CONVERSION = YES;
				CLANG_WARN_OBJC_IMPLICIT_RETAIN_SELF = YES;
				CLANG_WARN_OBJC_LITERAL_CONVERSION = YES;
				CLANG_WARN_OBJC_ROOT_CLASS = YES_ERROR;
				CLANG_WARN_RANGE_LOOP_ANALYSIS = YES;
				CLANG_WARN_STRICT_PROTOTYPES = YES;
				CLANG_WARN_SUSPICIOUS_MOVE = YES;
				CLANG_WARN_UNGUARDED_AVAILABILITY = YES_AGGRESSIVE;
				CLANG_WARN_UNREACHABLE_CODE = YES;
				CLANG_WARN__DUPLICATE_METHOD_MATCH = YES;
				COPY_PHASE_STRIP = NO;
				DEBUG_INFORMATION_FORMAT = dwarf;
				ENABLE_STRICT_OBJC_MSGSEND = YES;
				ENABLE_TESTABILITY = YES;
				GCC_C_LANGUAGE_STANDARD = gnu11;
				GCC_DYNAMIC_NO_PIC = NO;
				GCC_NO_COMMON_BLOCKS = YES;
				GCC_OPTIMIZATION_LEVEL = 0;
				GCC_PREPROCESSOR_DEFINITIONS = (
					"DEBUG=1",
					"$(inherited)",
				);
				GCC_WARN_64_TO_32_BIT_CONVERSION = YES;
				GCC_WARN_ABOUT_RETURN_TYPE = YES_ERROR;
				GCC_WARN_UNDECLARED_SELECTOR = YES;
				GCC_WARN_UNINITIALIZED_AUTOS = YES_AGGRESSIVE;
				GCC_WARN_UNUSED_FUNCTION = YES;
				GCC_WARN_UNUSED_VARIABLE = YES;
				IPHONEOS_DEPLOYMENT_TARGET = 13.2;
				MTL_ENABLE_DEBUG_INFO = INCLUDE_SOURCE;
				MTL_FAST_MATH = YES;
				ONLY_ACTIVE_ARCH = YES;
				SDKROOT = iphoneos;
				SWIFT_ACTIVE_COMPILATION_CONDITIONS = DEBUG;
				SWIFT_OPTIMIZATION_LEVEL = "-Onone";
			};
			name = Debug;
		};
		34C820B423D62BEF00AA19C0 /* Release */ = {
			isa = XCBuildConfiguration;
			buildSettings = {
				ALWAYS_SEARCH_USER_PATHS = NO;
				CLANG_ANALYZER_NONNULL = YES;
				CLANG_ANALYZER_NUMBER_OBJECT_CONVERSION = YES_AGGRESSIVE;
				CLANG_CXX_LANGUAGE_STANDARD = "gnu++14";
				CLANG_CXX_LIBRARY = "libc++";
				CLANG_ENABLE_MODULES = YES;
				CLANG_ENABLE_OBJC_ARC = YES;
				CLANG_ENABLE_OBJC_WEAK = YES;
				CLANG_WARN_BLOCK_CAPTURE_AUTORELEASING = YES;
				CLANG_WARN_BOOL_CONVERSION = YES;
				CLANG_WARN_COMMA = YES;
				CLANG_WARN_CONSTANT_CONVERSION = YES;
				CLANG_WARN_DEPRECATED_OBJC_IMPLEMENTATIONS = YES;
				CLANG_WARN_DIRECT_OBJC_ISA_USAGE = YES_ERROR;
				CLANG_WARN_DOCUMENTATION_COMMENTS = YES;
				CLANG_WARN_EMPTY_BODY = YES;
				CLANG_WARN_ENUM_CONVERSION = YES;
				CLANG_WARN_INFINITE_RECURSION = YES;
				CLANG_WARN_INT_CONVERSION = YES;
				CLANG_WARN_NON_LITERAL_NULL_CONVERSION = YES;
				CLANG_WARN_OBJC_IMPLICIT_RETAIN_SELF = YES;
				CLANG_WARN_OBJC_LITERAL_CONVERSION = YES;
				CLANG_WARN_OBJC_ROOT_CLASS = YES_ERROR;
				CLANG_WARN_RANGE_LOOP_ANALYSIS = YES;
				CLANG_WARN_STRICT_PROTOTYPES = YES;
				CLANG_WARN_SUSPICIOUS_MOVE = YES;
				CLANG_WARN_UNGUARDED_AVAILABILITY = YES_AGGRESSIVE;
				CLANG_WARN_UNREACHABLE_CODE = YES;
				CLANG_WARN__DUPLICATE_METHOD_MATCH = YES;
				COPY_PHASE_STRIP = NO;
				DEBUG_INFORMATION_FORMAT = "dwarf-with-dsym";
				ENABLE_NS_ASSERTIONS = NO;
				ENABLE_STRICT_OBJC_MSGSEND = YES;
				GCC_C_LANGUAGE_STANDARD = gnu11;
				GCC_NO_COMMON_BLOCKS = YES;
				GCC_WARN_64_TO_32_BIT_CONVERSION = YES;
				GCC_WARN_ABOUT_RETURN_TYPE = YES_ERROR;
				GCC_WARN_UNDECLARED_SELECTOR = YES;
				GCC_WARN_UNINITIALIZED_AUTOS = YES_AGGRESSIVE;
				GCC_WARN_UNUSED_FUNCTION = YES;
				GCC_WARN_UNUSED_VARIABLE = YES;
				IPHONEOS_DEPLOYMENT_TARGET = 13.2;
				MTL_ENABLE_DEBUG_INFO = NO;
				MTL_FAST_MATH = YES;
				SDKROOT = iphoneos;
				SWIFT_COMPILATION_MODE = wholemodule;
				SWIFT_OPTIMIZATION_LEVEL = "-O";
				VALIDATE_PRODUCT = YES;
			};
			name = Release;
		};
		34C820B623D62BEF00AA19C0 /* Debug */ = {
			isa = XCBuildConfiguration;
			buildSettings = {
				ASSETCATALOG_COMPILER_APPICON_NAME = AppIcon;
				CODE_SIGN_STYLE = Automatic;
				DEVELOPMENT_TEAM = 584CDU74TP;
				INFOPLIST_FILE = "Two-Button Challenge/Info.plist";
				LD_RUNPATH_SEARCH_PATHS = (
					"$(inherited)",
					"@executable_path/Frameworks",
				);
				PRODUCT_BUNDLE_IDENTIFIER = "com.manvelian.Two-Button-Challenge";
				PRODUCT_NAME = "$(TARGET_NAME)";
				SWIFT_VERSION = 5.0;
				TARGETED_DEVICE_FAMILY = "1,2";
			};
			name = Debug;
		};
		34C820B723D62BEF00AA19C0 /* Release */ = {
			isa = XCBuildConfiguration;
			buildSettings = {
				ASSETCATALOG_COMPILER_APPICON_NAME = AppIcon;
				CODE_SIGN_STYLE = Automatic;
				DEVELOPMENT_TEAM = 584CDU74TP;
				INFOPLIST_FILE = "Two-Button Challenge/Info.plist";
				LD_RUNPATH_SEARCH_PATHS = (
					"$(inherited)",
					"@executable_path/Frameworks",
				);
				PRODUCT_BUNDLE_IDENTIFIER = "com.manvelian.Two-Button-Challenge";
				PRODUCT_NAME = "$(TARGET_NAME)";
				SWIFT_VERSION = 5.0;
				TARGETED_DEVICE_FAMILY = "1,2";
			};
			name = Release;
		};
/* End XCBuildConfiguration section */

/* Begin XCConfigurationList section */
		34C8209C23D62BED00AA19C0 /* Build configuration list for PBXProject "Two-Button Challenge" */ = {
			isa = XCConfigurationList;
			buildConfigurations = (
				34C820B323D62BEF00AA19C0 /* Debug */,
				34C820B423D62BEF00AA19C0 /* Release */,
			);
			defaultConfigurationIsVisible = 0;
			defaultConfigurationName = Release;
		};
		34C820B523D62BEF00AA19C0 /* Build configuration list for PBXNativeTarget "Two-Button Challenge" */ = {
			isa = XCConfigurationList;
			buildConfigurations = (
				34C820B623D62BEF00AA19C0 /* Debug */,
				34C820B723D62BEF00AA19C0 /* Release */,
			);
			defaultConfigurationIsVisible = 0;
			defaultConfigurationName = Release;
		};
/* End XCConfigurationList section */
	};
	rootObject = 34C8209923D62BED00AA19C0 /* Project object */;
}
